
Microsoft Visual Studio Solution File, Format Version 12.00
# Visual Studio Version 17
VisualStudioVersion = 17.7.34009.444
MinimumVisualStudioVersion = 10.0.40219.1
Project("{FAE04EC0-301F-11D3-BF4B-00C04F79EFBC}") = "MIS3013_HW1_StudentGrade", "MIS3013_HW1_StudentGrade\MIS3013_HW1_StudentGrade.csproj", "{DA565AE1-5DFC-4BE2-81CA-AB58FBDC51B5}"
EndProject
Global
	GlobalSection(SolutionConfigurationPlatforms) = preSolution
		Debug|Any CPU = Debug|Any CPU
		Release|Any CPU = Release|Any CPU
	EndGlobalSection
	GlobalSection(ProjectConfigurationPlatforms) = postSolution
		{DA565AE1-5DFC-4BE2-81CA-AB58FBDC51B5}.Debug|Any CPU.ActiveCfg = Debug|Any CPU
		{DA565AE1-5DFC-4BE2-81CA-AB58FBDC51B5}.Debug|Any CPU.Build.0 = Debug|Any CPU
		{DA565AE1-5DFC-4BE2-81CA-AB58FBDC51B5}.Release|Any CPU.ActiveCfg = Release|Any CPU
		{DA565AE1-5DFC-4BE2-81CA-AB58FBDC51B5}.Release|Any CPU.Build.0 = Release|Any CPU
	EndGlobalSection
	GlobalSection(SolutionProperties) = preSolution
		HideSolutionNode = FALSE
	EndGlobalSection
	GlobalSection(ExtensibilityGlobals) = postSolution
		SolutionGuid = {BFFD88F4-B7FE-43DA-B75C-DD6018F92F69}
	EndGlobalSection
EndGlobal
